
Microsoft Visual Studio Solution File, Format Version 12.00
# Visual Studio Version 16
VisualStudioVersion = 16.0.31205.134
MinimumVisualStudioVersion = 10.0.40219.1
Project("{9A19103F-16F7-4668-BE54-9A1E7A4F7556}") = "TqkLibrary.Media.Images", "TqkLibrary.Media.Images\TqkLibrary.Media.Images.csproj", "{9DB4A0DA-9609-4B7D-8D0F-806AA06DAEAB}"
EndProject
Project("{9A19103F-16F7-4668-BE54-9A1E7A4F7556}") = "TqkLibrary.Media.Images.Test", "TqkLibrary.Media.Images.Test\TqkLibrary.Media.Images.Test.csproj", "{9A648028-6B8F-4529-B4E9-222E7A1BC371}"
EndProject
Global
	GlobalSection(SolutionConfigurationPlatforms) = preSolution
		Debug|Any CPU = Debug|Any CPU
		Debug|x64 = Debug|x64
		Debug|x86 = Debug|x86
		Release|Any CPU = Release|Any CPU
		Release|x64 = Release|x64
		Release|x86 = Release|x86
	EndGlobalSection
	GlobalSection(ProjectConfigurationPlatforms) = postSolution
		{9DB4A0DA-9609-4B7D-8D0F-806AA06DAEAB}.Debug|Any CPU.ActiveCfg = Debug|Any CPU
		{9DB4A0DA-9609-4B7D-8D0F-806AA06DAEAB}.Debug|Any CPU.Build.0 = Debug|Any CPU
		{9DB4A0DA-9609-4B7D-8D0F-806AA06DAEAB}.Debug|x64.ActiveCfg = Debug|Any CPU
		{9DB4A0DA-9609-4B7D-8D0F-806AA06DAEAB}.Debug|x64.Build.0 = Debug|Any CPU
		{9DB4A0DA-9609-4B7D-8D0F-806AA06DAEAB}.Debug|x86.ActiveCfg = Debug|Any CPU
		{9DB4A0DA-9609-4B7D-8D0F-806AA06DAEAB}.Debug|x86.Build.0 = Debug|Any CPU
		{9DB4A0DA-9609-4B7D-8D0F-806AA06DAEAB}.Release|Any CPU.ActiveCfg = Release|Any CPU
		{9DB4A0DA-9609-4B7D-8D0F-806AA06DAEAB}.Release|Any CPU.Build.0 = Release|Any CPU
		{9DB4A0DA-9609-4B7D-8D0F-806AA06DAEAB}.Release|x64.ActiveCfg = Release|Any CPU
		{9DB4A0DA-9609-4B7D-8D0F-806AA06DAEAB}.Release|x64.Build.0 = Release|Any CPU
		{9DB4A0DA-9609-4B7D-8D0F-806AA06DAEAB}.Release|x86.ActiveCfg = Release|Any CPU
		{9DB4A0DA-9609-4B7D-8D0F-806AA06DAEAB}.Release|x86.Build.0 = Release|Any CPU
		{9A648028-6B8F-4529-B4E9-222E7A1BC371}.Debug|Any CPU.ActiveCfg = Debug|Any CPU
		{9A648028-6B8F-4529-B4E9-222E7A1BC371}.Debug|Any CPU.Build.0 = Debug|Any CPU
		{9A648028-6B8F-4529-B4E9-222E7A1BC371}.Debug|x64.ActiveCfg = Debug|Any CPU
		{9A648028-6B8F-4529-B4E9-222E7A1BC371}.Debug|x64.Build.0 = Debug|Any CPU
		{9A648028-6B8F-4529-B4E9-222E7A1BC371}.Debug|x86.ActiveCfg = Debug|Any CPU
		{9A648028-6B8F-4529-B4E9-222E7A1BC371}.Debug|x86.Build.0 = Debug|Any CPU
		{9A648028-6B8F-4529-B4E9-222E7A1BC371}.Release|Any CPU.ActiveCfg = Release|Any CPU
		{9A648028-6B8F-4529-B4E9-222E7A1BC371}.Release|Any CPU.Build.0 = Release|Any CPU
		{9A648028-6B8F-4529-B4E9-222E7A1BC371}.Release|x64.ActiveCfg = Release|Any CPU
		{9A648028-6B8F-4529-B4E9-222E7A1BC371}.Release|x64.Build.0 = Release|Any CPU
		{9A648028-6B8F-4529-B4E9-222E7A1BC371}.Release|x86.ActiveCfg = Release|Any CPU
		{9A648028-6B8F-4529-B4E9-222E7A1BC371}.Release|x86.Build.0 = Release|Any CPU
	EndGlobalSection
	GlobalSection(SolutionProperties) = preSolution
		HideSolutionNode = FALSE
	EndGlobalSection
	GlobalSection(ExtensibilityGlobals) = postSolution
		SolutionGuid = {B923A241-4625-4B94-8404-700E8C9DBD9B}
	EndGlobalSection
EndGlobal
